
Microsoft Visual Studio Solution File, Format Version 12.00
# Visual Studio 15
VisualStudioVersion = 15.0.28307.421
MinimumVisualStudioVersion = 10.0.40219.1
Project("{F184B08F-C81C-45F6-A57F-5ABD9991F28F}") = "RespaldoBD", "RespaldoBD\RespaldoBD.vbproj", "{118FAF8C-2D07-493B-B6BE-54063CDCF292}"
EndProject
Global
	GlobalSection(SolutionConfigurationPlatforms) = preSolution
		Debug|Any CPU = Debug|Any CPU
		Release|Any CPU = Release|Any CPU
	EndGlobalSection
	GlobalSection(ProjectConfigurationPlatforms) = postSolution
		{118FAF8C-2D07-493B-B6BE-54063CDCF292}.Debug|Any CPU.ActiveCfg = Debug|Any CPU
		{118FAF8C-2D07-493B-B6BE-54063CDCF292}.Debug|Any CPU.Build.0 = Debug|Any CPU
		{118FAF8C-2D07-493B-B6BE-54063CDCF292}.Release|Any CPU.ActiveCfg = Release|Any CPU
		{118FAF8C-2D07-493B-B6BE-54063CDCF292}.Release|Any CPU.Build.0 = Release|Any CPU
	EndGlobalSection
	GlobalSection(SolutionProperties) = preSolution
		HideSolutionNode = FALSE
	EndGlobalSection
	GlobalSection(ExtensibilityGlobals) = postSolution
		SolutionGuid = {53E7ECBF-FF58-44CB-B7B1-74BB7AB2AB9C}
	EndGlobalSection
EndGlobal
